// !$*UTF8*$!
{
	archiveVersion = 1;
	classes = {
	};
	objectVersion = 46;
	objects = {

/* Begin PBXBuildFile section */
		8244F0B61F0E82AC009877CC /* AppDelegate.swift in Sources */ = {isa = PBXBuildFile; fileRef = 8244F0B51F0E82AC009877CC /* AppDelegate.swift */; };
		8244F0B81F0E82AC009877CC /* ViewController.swift in Sources */ = {isa = PBXBuildFile; fileRef = 8244F0B71F0E82AC009877CC /* ViewController.swift */; };
		8244F0BB1F0E82AC009877CC /* Main.storyboard in Resources */ = {isa = PBXBuildFile; fileRef = 8244F0B91F0E82AC009877CC /* Main.storyboard */; };
		8244F0BD1F0E82AC009877CC /* Assets.xcassets in Resources */ = {isa = PBXBuildFile; fileRef = 8244F0BC1F0E82AC009877CC /* Assets.xcassets */; };
		8244F0C01F0E82AC009877CC /* LaunchScreen.storyboard in Resources */ = {isa = PBXBuildFile; fileRef = 8244F0BE1F0E82AC009877CC /* LaunchScreen.storyboard */; };
/* End PBXBuildFile section */

/* Begin PBXFileReference section */
		8244F0B21F0E82AC009877CC /* header.app */ = {isa = PBXFileReference; explicitFileType = wrapper.application; includeInIndex = 0; path = header.app; sourceTree = BUILT_PRODUCTS_DIR; };
		8244F0B51F0E82AC009877CC /* AppDelegate.swift */ = {isa = PBXFileReference; lastKnownFileType = sourcecode.swift; path = AppDelegate.swift; sourceTree = "<group>"; };
		8244F0B71F0E82AC009877CC /* ViewController.swift */ = {isa = PBXFileReference; lastKnownFileType = sourcecode.swift; path = ViewController.swift; sourceTree = "<group>"; };
		8244F0BA1F0E82AC009877CC /* Base */ = {isa = PBXFileReference; lastKnownFileType = file.storyboard; name = Base; path = Base.lproj/Main.storyboard; sourceTree = "<group>"; };
		8244F0BC1F0E82AC009877CC /* Assets.xcassets */ = {isa = PBXFileReference; lastKnownFileType = folder.assetcatalog; path = Assets.xcassets; sourceTree = "<group>"; };
		8244F0BF1F0E82AC009877CC /* Base */ = {isa = PBXFileReference; lastKnownFileType = file.storyboard; name = Base; path = Base.lproj/LaunchScreen.storyboard; sourceTree = "<group>"; };
		8244F0C11F0E82AC009877CC /* Info.plist */ = {isa = PBXFileReference; lastKnownFileType = text.plist.xml; path = Info.plist; sourceTree = "<group>"; };
/* End PBXFileReference section */

/* Begin PBXFrameworksBuildPhase section */
		8244F0AF1F0E82AC009877CC /* Frameworks */ = {
			isa = PBXFrameworksBuildPhase;
			buildActionMask = 2147483647;
			files = (
			);
			runOnlyForDeploymentPostprocessing = 0;
		};
/* End PBXFrameworksBuildPhase section */

/* Begin PBXGroup section */
		8244F0A91F0E82AC009877CC = {
			isa = PBXGroup;
			children = (
				8244F0B41F0E82AC009877CC /* header */,
				8244F0B31F0E82AC009877CC /* Products */,
			);
			sourceTree = "<group>";
		};
		8244F0B31F0E82AC009877CC /* Products */ = {
			isa = PBXGroup;
			children = (
				8244F0B21F0E82AC009877CC /* header.app */,
			);
			name = Products;
			sourceTree = "<group>";
		};
		8244F0B41F0E82AC009877CC /* header */ = {
			isa = PBXGroup;
			children = (
				8244F0B51F0E82AC009877CC /* AppDelegate.swift */,
				8244F0B71F0E82AC009877CC /* ViewController.swift */,
				8244F0B91F0E82AC009877CC /* Main.storyboard */,
				8244F0BC1F0E82AC009877CC /* Assets.xcassets */,
				8244F0BE1F0E82AC009877CC /* LaunchScreen.storyboard */,
				8244F0C11F0E82AC009877CC /* Info.plist */,
			);
			path = header;
			sourceTree = "<group>";
		};
/* End PBXGroup section */

/* Begin PBXNativeTarget section */
		8244F0B11F0E82AC009877CC /* header */ = {
			isa = PBXNativeTarget;
			buildConfigurationList = 8244F0C41F0E82AC009877CC /* Build configuration list for PBXNativeTarget "header" */;
			buildPhases = (
				8244F0AE1F0E82AC009877CC /* Sources */,
				8244F0AF1F0E82AC009877CC /* Frameworks */,
				8244F0B01F0E82AC009877CC /* Resources */,
			);
			buildRules = (
			);
			dependencies = (
			);
			name = header;
			productName = header;
			productReference = 8244F0B21F0E82AC009877CC /* header.app */;
			productType = "com.apple.product-type.application";
		};
/* End PBXNativeTarget section */

/* Begin PBXProject section */
		8244F0AA1F0E82AC009877CC /* Project object */ = {
			isa = PBXProject;
			attributes = {
				LastSwiftUpdateCheck = 0830;
				LastUpgradeCheck = 0830;
				ORGANIZATIONNAME = MAS;
				TargetAttributes = {
					8244F0B11F0E82AC009877CC = {
						CreatedOnToolsVersion = 8.3.1;
						ProvisioningStyle = Automatic;
					};
				};
			};
			buildConfigurationList = 8244F0AD1F0E82AC009877CC /* Build configuration list for PBXProject "header" */;
			compatibilityVersion = "Xcode 3.2";
			developmentRegion = English;
			hasScannedForEncodings = 0;
			knownRegions = (
				en,
				Base,
			);
			mainGroup = 8244F0A91F0E82AC009877CC;
			productRefGroup = 8244F0B31F0E82AC009877CC /* Products */;
			projectDirPath = "";
			projectRoot = "";
			targets = (
				8244F0B11F0E82AC009877CC /* header */,
			);
		};
/* End PBXProject section */

/* Begin PBXResourcesBuildPhase section */
		8244F0B01F0E82AC009877CC /* Resources */ = {
			isa = PBXResourcesBuildPhase;
			buildActionMask = 2147483647;
			files = (
				8244F0C01F0E82AC009877CC /* LaunchScreen.storyboard in Resources */,
				8244F0BD1F0E82AC009877CC /* Assets.xcassets in Resources */,
				8244F0BB1F0E82AC009877CC /* Main.storyboard in Resources */,
			);
			runOnlyForDeploymentPostprocessing = 0;
		};
/* End PBXResourcesBuildPhase section */

/* Begin PBXSourcesBuildPhase section */
		8244F0AE1F0E82AC009877CC /* Sources */ = {
			isa = PBXSourcesBuildPhase;
			buildActionMask = 2147483647;
			files = (
				8244F0B81F0E82AC009877CC /* ViewController.swift in Sources */,
				8244F0B61F0E82AC009877CC /* AppDelegate.swift in Sources */,
			);
			runOnlyForDeploymentPostprocessing = 0;
		};
/* End PBXSourcesBuildPhase section */

/* Begin PBXVariantGroup section */
		8244F0B91F0E82AC009877CC /* Main.storyboard */ = {
			isa = PBXVariantGroup;
			children = (
				8244F0BA1F0E82AC009877CC /* Base */,
			);
			name = Main.storyboard;
			sourceTree = "<group>";
		};
		8244F0BE1F0E82AC009877CC /* LaunchScreen.storyboard */ = {
			isa = PBXVariantGroup;
			children = (
				8244F0BF1F0E82AC009877CC /* Base */,
			);
			name = LaunchScreen.storyboard;
			sourceTree = "<group>";
		};
/* End PBXVariantGroup section */

/* Begin XCBuildConfiguration section */
		8244F0C21F0E82AC009877CC /* Debug */ = {
			isa = XCBuildConfiguration;
			buildSettings = {
				ALWAYS_SEARCH_USER_PATHS = NO;
				CLANG_ANALYZER_NONNULL = YES;
				CLANG_ANALYZER_NUMBER_OBJECT_CONVERSION = YES_AGGRESSIVE;
				CLANG_CXX_LANGUAGE_STANDARD = "gnu++0x";
				CLANG_CXX_LIBRARY = "libc++";
				CLANG_ENABLE_MODULES = YES;
				CLANG_ENABLE_OBJC_ARC = YES;
				CLANG_WARN_BOOL_CONVERSION = YES;
				CLANG_WARN_CONSTANT_CONVERSION = YES;
				CLANG_WARN_DIRECT_OBJC_ISA_USAGE = YES_ERROR;
				CLANG_WARN_DOCUMENTATION_COMMENTS = YES;
				CLANG_WARN_EMPTY_BODY = YES;
				CLANG_WARN_ENUM_CONVERSION = YES;
				CLANG_WARN_INFINITE_RECURSION = YES;
				CLANG_WARN_INT_CONVERSION = YES;
				CLANG_WARN_OBJC_ROOT_CLASS = YES_ERROR;
				CLANG_WARN_SUSPICIOUS_MOVE = YES;
				CLANG_WARN_UNREACHABLE_CODE = YES;
				CLANG_WARN__DUPLICATE_METHOD_MATCH = YES;
				"CODE_SIGN_IDENTITY[sdk=iphoneos*]" = "iPhone Developer";
				COPY_PHASE_STRIP = NO;
				DEBUG_INFORMATION_FORMAT = dwarf;
				ENABLE_STRICT_OBJC_MSGSEND = YES;
				ENABLE_TESTABILITY = YES;
				GCC_C_LANGUAGE_STANDARD = gnu99;
				GCC_DYNAMIC_NO_PIC = NO;
				GCC_NO_COMMON_BLOCKS = YES;
				GCC_OPTIMIZATION_LEVEL = 0;
				GCC_PREPROCESSOR_DEFINITIONS = (
					"DEBUG=1",
					"$(inherited)",
				);
				GCC_WARN_64_TO_32_BIT_CONVERSION = YES;
				GCC_WARN_ABOUT_RETURN_TYPE = YES_ERROR;
				GCC_WARN_UNDECLARED_SELECTOR = YES;
				GCC_WARN_UNINITIALIZED_AUTOS = YES_AGGRESSIVE;
				GCC_WARN_UNUSED_FUNCTION = YES;
				GCC_WARN_UNUSED_VARIABLE = YES;
				IPHONEOS_DEPLOYMENT_TARGET = 10.3;
				MTL_ENABLE_DEBUG_INFO = YES;
				ONLY_ACTIVE_ARCH = YES;
				SDKROOT = iphoneos;
				SWIFT_ACTIVE_COMPILATION_CONDITIONS = DEBUG;
				SWIFT_OPTIMIZATION_LEVEL = "-Onone";
			};
			name = Debug;
		};
		8244F0C31F0E82AC009877CC /* Release */ = {
			isa = XCBuildConfiguration;
			buildSettings = {
				ALWAYS_SEARCH_USER_PATHS = NO;
				CLANG_ANALYZER_NONNULL = YES;
				CLANG_ANALYZER_NUMBER_OBJECT_CONVERSION = YES_AGGRESSIVE;
				CLANG_CXX_LANGUAGE_STANDARD = "gnu++0x";
				CLANG_CXX_LIBRARY = "libc++";
				CLANG_ENABLE_MODULES = YES;
				CLANG_ENABLE_OBJC_ARC = YES;
				CLANG_WARN_BOOL_CONVERSION = YES;
				CLANG_WARN_CONSTANT_CONVERSION = YES;
				CLANG_WARN_DIRECT_OBJC_ISA_USAGE = YES_ERROR;
				CLANG_WARN_DOCUMENTATION_COMMENTS = YES;
				CLANG_WARN_EMPTY_BODY = YES;
				CLANG_WARN_ENUM_CONVERSION = YES;
				CLANG_WARN_INFINITE_RECURSION = YES;
				CLANG_WARN_INT_CONVERSION = YES;
				CLANG_WARN_OBJC_ROOT_CLASS = YES_ERROR;
				CLANG_WARN_SUSPICIOUS_MOVE = YES;
				CLANG_WARN_UNREACHABLE_CODE = YES;
				CLANG_WARN__DUPLICATE_METHOD_MATCH = YES;
				"CODE_SIGN_IDENTITY[sdk=iphoneos*]" = "iPhone Developer";
				COPY_PHASE_STRIP = NO;
				DEBUG_INFORMATION_FORMAT = "dwarf-with-dsym";
				ENABLE_NS_ASSERTIONS = NO;
				ENABLE_STRICT_OBJC_MSGSEND = YES;
				GCC_C_LANGUAGE_STANDARD = gnu99;
				GCC_NO_COMMON_BLOCKS = YES;
				GCC_WARN_64_TO_32_BIT_CONVERSION = YES;
				GCC_WARN_ABOUT_RETURN_TYPE = YES_ERROR;
				GCC_WARN_UNDECLARED_SELECTOR = YES;
				GCC_WARN_UNINITIALIZED_AUTOS = YES_AGGRESSIVE;
				GCC_WARN_UNUSED_FUNCTION = YES;
				GCC_WARN_UNUSED_VARIABLE = YES;
				IPHONEOS_DEPLOYMENT_TARGET = 10.3;
				MTL_ENABLE_DEBUG_INFO = NO;
				SDKROOT = iphoneos;
				SWIFT_OPTIMIZATION_LEVEL = "-Owholemodule";
				VALIDATE_PRODUCT = YES;
			};
			name = Release;
		};
		8244F0C51F0E82AC009877CC /* Debug */ = {
			isa = XCBuildConfiguration;
			buildSettings = {
				ASSETCATALOG_COMPILER_APPICON_NAME = AppIcon;
				INFOPLIST_FILE = header/Info.plist;
				LD_RUNPATH_SEARCH_PATHS = "$(inherited) @executable_path/Frameworks";
				PRODUCT_BUNDLE_IDENTIFIER = MAS.header;
				PRODUCT_NAME = "$(TARGET_NAME)";
				SWIFT_VERSION = 3.0;
			};
			name = Debug;
		};
		8244F0C61F0E82AC009877CC /* Release */ = {
			isa = XCBuildConfiguration;
			buildSettings = {
				ASSETCATALOG_COMPILER_APPICON_NAME = AppIcon;
				INFOPLIST_FILE = header/Info.plist;
				LD_RUNPATH_SEARCH_PATHS = "$(inherited) @executable_path/Frameworks";
				PRODUCT_BUNDLE_IDENTIFIER = MAS.header;
				PRODUCT_NAME = "$(TARGET_NAME)";
				SWIFT_VERSION = 3.0;
			};
			name = Release;
		};
/* End XCBuildConfiguration section */

/* Begin XCConfigurationList section */
		8244F0AD1F0E82AC009877CC /* Build configuration list for PBXProject "header" */ = {
			isa = XCConfigurationList;
			buildConfigurations = (
				8244F0C21F0E82AC009877CC /* Debug */,
				8244F0C31F0E82AC009877CC /* Release */,
			);
			defaultConfigurationIsVisible = 0;
			defaultConfigurationName = Release;
		};
		8244F0C41F0E82AC009877CC /* Build configuration list for PBXNativeTarget "header" */ = {
			isa = XCConfigurationList;
			buildConfigurations = (
				8244F0C51F0E82AC009877CC /* Debug */,
				8244F0C61F0E82AC009877CC /* Release */,
			);
			defaultConfigurationIsVisible = 0;
		};
/* End XCConfigurationList section */
	};
	rootObject = 8244F0AA1F0E82AC009877CC /* Project object */;
}
